{
  "name": "mine-atm-machine-work",
  "version": "2.2.3",
  "lockfileVersion": 3,
  "requires": true,
  "packages": {
    "": {
      "name": "mine-atm-machine-work",
      "version": "2.2.3",
      "license": "ISC",
      "dependencies": {
        "mine-atm": "^1.0.1",
        "mine-atm-machine": "^2.1.1",
        "mine-atm-machine-work": "^2.2.3"
      },
      "bin": {
        "mine-atm-machine-work": "main.js"
      }
    },
    "node_modules/mine-atm": {
      "version": "1.0.1",
      "resolved": "https://registry.npmjs.org/mine-atm/-/mine-atm-1.0.1.tgz",
      "integrity": "sha512-JK/RBdIxlrNVpe8TAqmMufnCfSY5Ch1prQ9Uzp6MRljkdXeRs8n1yHZEmaQ0HLLk0WMeVX4nCTtzoYq0t12RAw=="
    },
    "node_modules/mine-atm-machine": {
      "version": "2.1.1",
      "resolved": "https://registry.npmjs.org/mine-atm-machine/-/mine-atm-machine-2.1.1.tgz",
      "integrity": "sha512-JXSc7x/qvjpaWl3UBfIU4A3pPuGQXpylDiaWxUgfKZdaqGXiUoGHVNezh06wF51wwibe1qIDlajCbrBrgQ8uwA==",
      "dependencies": {
        "mine-atm": "^1.0.1"
      },
      "bin": {
        "mine-atm-machine": "index.js"
      }
    },
    "node_modules/mine-atm-machine-work": {
      "version": "2.2.3",
      "resolved": "https://registry.npmjs.org/mine-atm-machine-work/-/mine-atm-machine-work-2.2.3.tgz",
      "integrity": "sha512-FChCcHZeSGN63Js5hLAkMGKDOxaZ5CAuaiL20w1wGfBJzPooC228vlinittxQTRBOMr429BV9dfcFpIv7jinhQ==",
      "dependencies": {
        "mine-atm": "^1.0.1",
        "mine-atm-machine": "^2.1.1",
        "mine-atm-machine-work": "^2.2.2"
      },
      "bin": {
        "mine-atm-machine-work": "index.js"
      }
    }
  }
}
